// !$*UTF8*$!
{
	archiveVersion = 1;
	classes = {
	};
	objectVersion = 46;
	objects = {

/* Begin PBXBuildFile section */
		97CAB6BE1708C4B2008D0CBC /* Cocoa.framework in Frameworks */ = {isa = PBXBuildFile; fileRef = 97CAB6BD1708C4B2008D0CBC /* Cocoa.framework */; };
		97CAB6C81708C4B2008D0CBC /* InfoPlist.strings in Resources */ = {isa = PBXBuildFile; fileRef = 97CAB6C61708C4B2008D0CBC /* InfoPlist.strings */; };
		97CAB6CA1708C4B2008D0CBC /* main.m in Sources */ = {isa = PBXBuildFile; fileRef = 97CAB6C91708C4B2008D0CBC /* main.m */; };
		97CAB6CE1708C4B2008D0CBC /* Credits.rtf in Resources */ = {isa = PBXBuildFile; fileRef = 97CAB6CC1708C4B2008D0CBC /* Credits.rtf */; };
		97CAB79B1708FFCF008D0CBC /* libPackage.a in Frameworks */ = {isa = PBXBuildFile; fileRef = 97CAB79A1708FFCF008D0CBC /* libPackage.a */; };
		97CAB7B217090235008D0CBC /* Updater.m in Sources */ = {isa = PBXBuildFile; fileRef = 97CAB7B117090235008D0CBC /* Updater.m */; };
/* End PBXBuildFile section */

/* Begin PBXContainerItemProxy section */
		97CAB7AB170900FC008D0CBC /* PBXContainerItemProxy */ = {
			isa = PBXContainerItemProxy;
			containerPortal = 97CAB7A4170900FC008D0CBC /* Package.xcodeproj */;
			proxyType = 2;
			remoteGlobalIDString = 97CAB70D1708E667008D0CBC;
			remoteInfo = Package;
		};
		97CAB7AE17090173008D0CBC /* PBXContainerItemProxy */ = {
			isa = PBXContainerItemProxy;
			containerPortal = 97CAB7A4170900FC008D0CBC /* Package.xcodeproj */;
			proxyType = 1;
			remoteGlobalIDString = 97CAB70C1708E667008D0CBC;
			remoteInfo = Package;
		};
/* End PBXContainerItemProxy section */

/* Begin PBXFileReference section */
		97CAB6B91708C4B2008D0CBC /* helper.app */ = {isa = PBXFileReference; explicitFileType = wrapper.application; includeInIndex = 0; path = helper.app; sourceTree = BUILT_PRODUCTS_DIR; };
		97CAB6BD1708C4B2008D0CBC /* Cocoa.framework */ = {isa = PBXFileReference; lastKnownFileType = wrapper.framework; name = Cocoa.framework; path = System/Library/Frameworks/Cocoa.framework; sourceTree = SDKROOT; };
		97CAB6C01708C4B2008D0CBC /* AppKit.framework */ = {isa = PBXFileReference; lastKnownFileType = wrapper.framework; name = AppKit.framework; path = System/Library/Frameworks/AppKit.framework; sourceTree = SDKROOT; };
		97CAB6C11708C4B2008D0CBC /* CoreData.framework */ = {isa = PBXFileReference; lastKnownFileType = wrapper.framework; name = CoreData.framework; path = System/Library/Frameworks/CoreData.framework; sourceTree = SDKROOT; };
		97CAB6C21708C4B2008D0CBC /* Foundation.framework */ = {isa = PBXFileReference; lastKnownFileType = wrapper.framework; name = Foundation.framework; path = System/Library/Frameworks/Foundation.framework; sourceTree = SDKROOT; };
		97CAB6C51708C4B2008D0CBC /* helper-Info.plist */ = {isa = PBXFileReference; lastKnownFileType = text.plist.xml; path = "helper-Info.plist"; sourceTree = "<group>"; };
		97CAB6C71708C4B2008D0CBC /* en */ = {isa = PBXFileReference; lastKnownFileType = text.plist.strings; name = en; path = en.lproj/InfoPlist.strings; sourceTree = "<group>"; };
		97CAB6C91708C4B2008D0CBC /* main.m */ = {isa = PBXFileReference; lastKnownFileType = sourcecode.c.objc; path = main.m; sourceTree = "<group>"; };
		97CAB6CB1708C4B2008D0CBC /* helper-Prefix.pch */ = {isa = PBXFileReference; lastKnownFileType = sourcecode.c.h; path = "helper-Prefix.pch"; sourceTree = "<group>"; };
		97CAB6CD1708C4B2008D0CBC /* en */ = {isa = PBXFileReference; lastKnownFileType = text.rtf; name = en; path = en.lproj/Credits.rtf; sourceTree = "<group>"; };
		97CAB79A1708FFCF008D0CBC /* libPackage.a */ = {isa = PBXFileReference; lastKnownFileType = archive.ar; name = libPackage.a; path = "../../../Library/Developer/Xcode/DerivedData/cocoa-bjdbjyfztwajrfclddvwpfdqivns/Build/Products/Debug/libPackage.a"; sourceTree = "<group>"; };
		97CAB7A4170900FC008D0CBC /* Package.xcodeproj */ = {isa = PBXFileReference; lastKnownFileType = "wrapper.pb-project"; name = Package.xcodeproj; path = ../Package/Package.xcodeproj; sourceTree = "<group>"; };
		97CAB7B017090235008D0CBC /* Updater.h */ = {isa = PBXFileReference; fileEncoding = 4; lastKnownFileType = sourcecode.c.h; path = Updater.h; sourceTree = "<group>"; };
		97CAB7B117090235008D0CBC /* Updater.m */ = {isa = PBXFileReference; fileEncoding = 4; lastKnownFileType = sourcecode.c.objc; path = Updater.m; sourceTree = "<group>"; };
/* End PBXFileReference section */

/* Begin PBXFrameworksBuildPhase section */
		97CAB6B61708C4B2008D0CBC /* Frameworks */ = {
			isa = PBXFrameworksBuildPhase;
			buildActionMask = 2147483647;
			files = (
				97CAB79B1708FFCF008D0CBC /* libPackage.a in Frameworks */,
				97CAB6BE1708C4B2008D0CBC /* Cocoa.framework in Frameworks */,
			);
			runOnlyForDeploymentPostprocessing = 0;
		};
/* End PBXFrameworksBuildPhase section */

/* Begin PBXGroup section */
		97CAB6AE1708C4B2008D0CBC = {
			isa = PBXGroup;
			children = (
				97CAB7A4170900FC008D0CBC /* Package.xcodeproj */,
				97CAB79A1708FFCF008D0CBC /* libPackage.a */,
				97CAB6C31708C4B2008D0CBC /* helper */,
				97CAB6BC1708C4B2008D0CBC /* Frameworks */,
				97CAB6BA1708C4B2008D0CBC /* Products */,
			);
			sourceTree = "<group>";
		};
		97CAB6BA1708C4B2008D0CBC /* Products */ = {
			isa = PBXGroup;
			children = (
				97CAB6B91708C4B2008D0CBC /* helper.app */,
			);
			name = Products;
			sourceTree = "<group>";
		};
		97CAB6BC1708C4B2008D0CBC /* Frameworks */ = {
			isa = PBXGroup;
			children = (
				97CAB6BD1708C4B2008D0CBC /* Cocoa.framework */,
				97CAB6BF1708C4B2008D0CBC /* Other Frameworks */,
			);
			name = Frameworks;
			sourceTree = "<group>";
		};
		97CAB6BF1708C4B2008D0CBC /* Other Frameworks */ = {
			isa = PBXGroup;
			children = (
				97CAB6C01708C4B2008D0CBC /* AppKit.framework */,
				97CAB6C11708C4B2008D0CBC /* CoreData.framework */,
				97CAB6C21708C4B2008D0CBC /* Foundation.framework */,
			);
			name = "Other Frameworks";
			sourceTree = "<group>";
		};
		97CAB6C31708C4B2008D0CBC /* helper */ = {
			isa = PBXGroup;
			children = (
				97CAB6C41708C4B2008D0CBC /* Supporting Files */,
			);
			path = helper;
			sourceTree = "<group>";
		};
		97CAB6C41708C4B2008D0CBC /* Supporting Files */ = {
			isa = PBXGroup;
			children = (
				97CAB6C51708C4B2008D0CBC /* helper-Info.plist */,
				97CAB6C61708C4B2008D0CBC /* InfoPlist.strings */,
				97CAB6C91708C4B2008D0CBC /* main.m */,
				97CAB7B017090235008D0CBC /* Updater.h */,
				97CAB7B117090235008D0CBC /* Updater.m */,
				97CAB6CB1708C4B2008D0CBC /* helper-Prefix.pch */,
				97CAB6CC1708C4B2008D0CBC /* Credits.rtf */,
			);
			name = "Supporting Files";
			sourceTree = "<group>";
		};
		97CAB7A5170900FC008D0CBC /* Products */ = {
			isa = PBXGroup;
			children = (
				97CAB7AC170900FC008D0CBC /* libPackage.a */,
			);
			name = Products;
			sourceTree = "<group>";
		};
/* End PBXGroup section */

/* Begin PBXNativeTarget section */
		97CAB6B81708C4B2008D0CBC /* helper */ = {
			isa = PBXNativeTarget;
			buildConfigurationList = 97CAB6D71708C4B3008D0CBC /* Build configuration list for PBXNativeTarget "helper" */;
			buildPhases = (
				97CAB6B51708C4B2008D0CBC /* Sources */,
				97CAB6B61708C4B2008D0CBC /* Frameworks */,
				97CAB6B71708C4B2008D0CBC /* Resources */,
			);
			buildRules = (
			);
			dependencies = (
				97CAB7AF17090173008D0CBC /* PBXTargetDependency */,
			);
			name = helper;
			productName = helper;
			productReference = 97CAB6B91708C4B2008D0CBC /* helper.app */;
			productType = "com.apple.product-type.application";
		};
/* End PBXNativeTarget section */

/* Begin PBXProject section */
		97CAB6B01708C4B2008D0CBC /* Project object */ = {
			isa = PBXProject;
			attributes = {
				LastUpgradeCheck = 0450;
				ORGANIZATIONNAME = connormckenna;
			};
			buildConfigurationList = 97CAB6B31708C4B2008D0CBC /* Build configuration list for PBXProject "helper" */;
			compatibilityVersion = "Xcode 3.2";
			developmentRegion = English;
			hasScannedForEncodings = 0;
			knownRegions = (
				en,
			);
			mainGroup = 97CAB6AE1708C4B2008D0CBC;
			productRefGroup = 97CAB6BA1708C4B2008D0CBC /* Products */;
			projectDirPath = "";
			projectReferences = (
				{
					ProductGroup = 97CAB7A5170900FC008D0CBC /* Products */;
					ProjectRef = 97CAB7A4170900FC008D0CBC /* Package.xcodeproj */;
				},
			);
			projectRoot = "";
			targets = (
				97CAB6B81708C4B2008D0CBC /* helper */,
			);
		};
/* End PBXProject section */

/* Begin PBXReferenceProxy section */
		97CAB7AC170900FC008D0CBC /* libPackage.a */ = {
			isa = PBXReferenceProxy;
			fileType = archive.ar;
			path = libPackage.a;
			remoteRef = 97CAB7AB170900FC008D0CBC /* PBXContainerItemProxy */;
			sourceTree = BUILT_PRODUCTS_DIR;
		};
/* End PBXReferenceProxy section */

/* Begin PBXResourcesBuildPhase section */
		97CAB6B71708C4B2008D0CBC /* Resources */ = {
			isa = PBXResourcesBuildPhase;
			buildActionMask = 2147483647;
			files = (
				97CAB6C81708C4B2008D0CBC /* InfoPlist.strings in Resources */,
				97CAB6CE1708C4B2008D0CBC /* Credits.rtf in Resources */,
			);
			runOnlyForDeploymentPostprocessing = 0;
		};
/* End PBXResourcesBuildPhase section */

/* Begin PBXSourcesBuildPhase section */
		97CAB6B51708C4B2008D0CBC /* Sources */ = {
			isa = PBXSourcesBuildPhase;
			buildActionMask = 2147483647;
			files = (
				97CAB6CA1708C4B2008D0CBC /* main.m in Sources */,
				97CAB7B217090235008D0CBC /* Updater.m in Sources */,
			);
			runOnlyForDeploymentPostprocessing = 0;
		};
/* End PBXSourcesBuildPhase section */

/* Begin PBXTargetDependency section */
		97CAB7AF17090173008D0CBC /* PBXTargetDependency */ = {
			isa = PBXTargetDependency;
			name = Package;
			targetProxy = 97CAB7AE17090173008D0CBC /* PBXContainerItemProxy */;
		};
/* End PBXTargetDependency section */

/* Begin PBXVariantGroup section */
		97CAB6C61708C4B2008D0CBC /* InfoPlist.strings */ = {
			isa = PBXVariantGroup;
			children = (
				97CAB6C71708C4B2008D0CBC /* en */,
			);
			name = InfoPlist.strings;
			sourceTree = "<group>";
		};
		97CAB6CC1708C4B2008D0CBC /* Credits.rtf */ = {
			isa = PBXVariantGroup;
			children = (
				97CAB6CD1708C4B2008D0CBC /* en */,
			);
			name = Credits.rtf;
			sourceTree = "<group>";
		};
/* End PBXVariantGroup section */

/* Begin XCBuildConfiguration section */
		97CAB6D51708C4B3008D0CBC /* Debug */ = {
			isa = XCBuildConfiguration;
			buildSettings = {
				ALWAYS_SEARCH_USER_PATHS = NO;
				ARCHS = "$(ARCHS_STANDARD_64_BIT)";
				CLANG_CXX_LANGUAGE_STANDARD = "gnu++0x";
				CLANG_CXX_LIBRARY = "libc++";
				CLANG_WARN_EMPTY_BODY = YES;
				CLANG_WARN__DUPLICATE_METHOD_MATCH = YES;
				COPY_PHASE_STRIP = NO;
				GCC_C_LANGUAGE_STANDARD = gnu99;
				GCC_DYNAMIC_NO_PIC = NO;
				GCC_ENABLE_OBJC_EXCEPTIONS = YES;
				GCC_OPTIMIZATION_LEVEL = 0;
				GCC_PREPROCESSOR_DEFINITIONS = (
					"DEBUG=1",
					"$(inherited)",
				);
				GCC_SYMBOLS_PRIVATE_EXTERN = NO;
				GCC_WARN_64_TO_32_BIT_CONVERSION = YES;
				GCC_WARN_ABOUT_RETURN_TYPE = YES;
				GCC_WARN_UNINITIALIZED_AUTOS = YES;
				GCC_WARN_UNUSED_VARIABLE = YES;
				MACOSX_DEPLOYMENT_TARGET = 10.7;
				ONLY_ACTIVE_ARCH = YES;
				SDKROOT = macosx;
			};
			name = Debug;
		};
		97CAB6D61708C4B3008D0CBC /* Release */ = {
			isa = XCBuildConfiguration;
			buildSettings = {
				ALWAYS_SEARCH_USER_PATHS = NO;
				ARCHS = "$(ARCHS_STANDARD_64_BIT)";
				CLANG_CXX_LANGUAGE_STANDARD = "gnu++0x";
				CLANG_CXX_LIBRARY = "libc++";
				CLANG_WARN_EMPTY_BODY = YES;
				CLANG_WARN__DUPLICATE_METHOD_MATCH = YES;
				COPY_PHASE_STRIP = YES;
				DEBUG_INFORMATION_FORMAT = "dwarf-with-dsym";
				GCC_C_LANGUAGE_STANDARD = gnu99;
				GCC_ENABLE_OBJC_EXCEPTIONS = YES;
				GCC_WARN_64_TO_32_BIT_CONVERSION = YES;
				GCC_WARN_ABOUT_RETURN_TYPE = YES;
				GCC_WARN_UNINITIALIZED_AUTOS = YES;
				GCC_WARN_UNUSED_VARIABLE = YES;
				MACOSX_DEPLOYMENT_TARGET = 10.7;
				SDKROOT = macosx;
			};
			name = Release;
		};
		97CAB6D81708C4B3008D0CBC /* Debug */ = {
			isa = XCBuildConfiguration;
			buildSettings = {
				COMBINE_HIDPI_IMAGES = YES;
				GCC_PRECOMPILE_PREFIX_HEADER = YES;
				GCC_PREFIX_HEADER = "helper/helper-Prefix.pch";
				INFOPLIST_FILE = "helper/helper-Info.plist";
				LIBRARY_SEARCH_PATHS = (
					"$(inherited)",
					"\"$(SRCROOT)/../../../Library/Developer/Xcode/DerivedData/cocoa-bjdbjyfztwajrfclddvwpfdqivns/Build/Products/Debug\"",
				);
				OTHER_LDFLAGS = "-ObjC";
				PRODUCT_NAME = "$(TARGET_NAME)";
				SKIP_INSTALL = YES;
				WRAPPER_EXTENSION = app;
			};
			name = Debug;
		};
		97CAB6D91708C4B3008D0CBC /* Release */ = {
			isa = XCBuildConfiguration;
			buildSettings = {
				COMBINE_HIDPI_IMAGES = YES;
				GCC_PRECOMPILE_PREFIX_HEADER = YES;
				GCC_PREFIX_HEADER = "helper/helper-Prefix.pch";
				INFOPLIST_FILE = "helper/helper-Info.plist";
				LIBRARY_SEARCH_PATHS = (
					"$(inherited)",
					"\"$(SRCROOT)/../../../Library/Developer/Xcode/DerivedData/cocoa-bjdbjyfztwajrfclddvwpfdqivns/Build/Products/Debug\"",
				);
				OTHER_LDFLAGS = "-ObjC";
				PRODUCT_NAME = "$(TARGET_NAME)";
				SKIP_INSTALL = YES;
				WRAPPER_EXTENSION = app;
			};
			name = Release;
		};
/* End XCBuildConfiguration section */

/* Begin XCConfigurationList section */
		97CAB6B31708C4B2008D0CBC /* Build configuration list for PBXProject "helper" */ = {
			isa = XCConfigurationList;
			buildConfigurations = (
				97CAB6D51708C4B3008D0CBC /* Debug */,
				97CAB6D61708C4B3008D0CBC /* Release */,
			);
			defaultConfigurationIsVisible = 0;
			defaultConfigurationName = Release;
		};
		97CAB6D71708C4B3008D0CBC /* Build configuration list for PBXNativeTarget "helper" */ = {
			isa = XCConfigurationList;
			buildConfigurations = (
				97CAB6D81708C4B3008D0CBC /* Debug */,
				97CAB6D91708C4B3008D0CBC /* Release */,
			);
			defaultConfigurationIsVisible = 0;
			defaultConfigurationName = Release;
		};
/* End XCConfigurationList section */
	};
	rootObject = 97CAB6B01708C4B2008D0CBC /* Project object */;
}
